hash: 4453d24c6aafb5860f6e9108db3493fa48d7359630c64943d031cfb78a07c047
updated: 2017-06-04T10:22:54.24601471-07:00
imports:
- name: github.com/kardianos/osext
  version: ae77be60afb1dcacde03767a8c37337fad28ac14
- name: github.com/pkg/term
  version: b1f72af2d63057363398bec5873d16a98b453312
  subpackages:
  - termios
- name: github.com/richardwilkes/atexit
  version: dbf20e17382cc16a31884378c9ccd06f9f6494cb
- name: github.com/richardwilkes/cmdline
  version: 458facc23ad64f45d6ad7bf99ac79cb5b783c3c3
- name: github.com/richardwilkes/errs
  version: b4d90fe7d91376bff63fa1a997a6db28f19a2a7d
- name: github.com/richardwilkes/i18n
  version: 8cf2374f34c176be56fc93050f79261ba1d50b89
- name: github.com/richardwilkes/term
  version: 1f409673c9c98a46073c0713f33f76efb5c88050
- name: golang.org/x/sys
  version: b90f89a1e7a9c1f6b918820b3daa7f08488c8594
  subpackages:
  - unix
testImports: []
